
Microsoft Visual Studio Solution File, Format Version 12.00
# Visual Studio Version 17
VisualStudioVersion = 17.0.31903.59
MinimumVisualStudioVersion = 10.0.40219.1
Project("{2150E333-8FDC-42A3-9474-1A3956D46DE8}") = "src", "src", "{827E0CD3-B72D-47B6-A68D-7590B98EB39B}"
EndProject
Project("{FAE04EC0-301F-11D3-BF4B-00C04F79EFBC}") = "SchoolShuttleBus.Api", "src\SchoolShuttleBus.Api\SchoolShuttleBus.Api.csproj", "{EFECF0C1-5263-432B-8059-4A93C508B089}"
EndProject
Project("{FAE04EC0-301F-11D3-BF4B-00C04F79EFBC}") = "SchoolShuttleBus.Application", "src\SchoolShuttleBus.Application\SchoolShuttleBus.Application.csproj", "{11E2CE59-58CF-4B67-88E9-CEB9045F614E}"
EndProject
Project("{FAE04EC0-301F-11D3-BF4B-00C04F79EFBC}") = "SchoolShuttleBus.Domain", "src\SchoolShuttleBus.Domain\SchoolShuttleBus.Domain.csproj", "{CF1708E6-D7CB-48B0-8D4F-6E43C4FD5B28}"
EndProject
Project("{FAE04EC0-301F-11D3-BF4B-00C04F79EFBC}") = "SchoolShuttleBus.Infrastructure", "src\SchoolShuttleBus.Infrastructure\SchoolShuttleBus.Infrastructure.csproj", "{6491DD84-E361-4880-8DE9-5704F210831E}"
EndProject
Project("{FAE04EC0-301F-11D3-BF4B-00C04F79EFBC}") = "SchoolShuttleBus.Contracts", "src\SchoolShuttleBus.Contracts\SchoolShuttleBus.Contracts.csproj", "{C451964F-07E9-4710-8768-E004FEFA4A21}"
EndProject
Project("{FAE04EC0-301F-11D3-BF4B-00C04F79EFBC}") = "SchoolShuttleBus.Domain.Tests", "tests\SchoolShuttleBus.Domain.Tests\SchoolShuttleBus.Domain.Tests.csproj", "{994D908F-F6C7-4B6D-A849-7DE604292840}"
EndProject
Project("{FAE04EC0-301F-11D3-BF4B-00C04F79EFBC}") = "SchoolShuttleBus.Application.Tests", "tests\SchoolShuttleBus.Application.Tests\SchoolShuttleBus.Application.Tests.csproj", "{F967A7D6-C195-466B-A223-6EB8723E7E97}"
EndProject
Project("{FAE04EC0-301F-11D3-BF4B-00C04F79EFBC}") = "SchoolShuttleBus.Api.Tests", "tests\SchoolShuttleBus.Api.Tests\SchoolShuttleBus.Api.Tests.csproj", "{B523AFD7-53CC-43ED-90E6-6CFA4DA2B532}"
EndProject
Global
	GlobalSection(SolutionConfigurationPlatforms) = preSolution
		Debug|Any CPU = Debug|Any CPU
		Debug|x64 = Debug|x64
		Debug|x86 = Debug|x86
		Release|Any CPU = Release|Any CPU
		Release|x64 = Release|x64
		Release|x86 = Release|x86
	EndGlobalSection
	GlobalSection(ProjectConfigurationPlatforms) = postSolution
		{EFECF0C1-5263-432B-8059-4A93C508B089}.Debug|Any CPU.ActiveCfg = Debug|Any CPU
		{EFECF0C1-5263-432B-8059-4A93C508B089}.Debug|Any CPU.Build.0 = Debug|Any CPU
		{EFECF0C1-5263-432B-8059-4A93C508B089}.Debug|x64.ActiveCfg = Debug|Any CPU
		{EFECF0C1-5263-432B-8059-4A93C508B089}.Debug|x64.Build.0 = Debug|Any CPU
		{EFECF0C1-5263-432B-8059-4A93C508B089}.Debug|x86.ActiveCfg = Debug|Any CPU
		{EFECF0C1-5263-432B-8059-4A93C508B089}.Debug|x86.Build.0 = Debug|Any CPU
		{EFECF0C1-5263-432B-8059-4A93C508B089}.Release|Any CPU.ActiveCfg = Release|Any CPU
		{EFECF0C1-5263-432B-8059-4A93C508B089}.Release|Any CPU.Build.0 = Release|Any CPU
		{EFECF0C1-5263-432B-8059-4A93C508B089}.Release|x64.ActiveCfg = Release|Any CPU
		{EFECF0C1-5263-432B-8059-4A93C508B089}.Release|x64.Build.0 = Release|Any CPU
		{EFECF0C1-5263-432B-8059-4A93C508B089}.Release|x86.ActiveCfg = Release|Any CPU
		{EFECF0C1-5263-432B-8059-4A93C508B089}.Release|x86.Build.0 = Release|Any CPU
		{11E2CE59-58CF-4B67-88E9-CEB9045F614E}.Debug|Any CPU.ActiveCfg = Debug|Any CPU
		{11E2CE59-58CF-4B67-88E9-CEB9045F614E}.Debug|Any CPU.Build.0 = Debug|Any CPU
		{11E2CE59-58CF-4B67-88E9-CEB9045F614E}.Debug|x64.ActiveCfg = Debug|Any CPU
		{11E2CE59-58CF-4B67-88E9-CEB9045F614E}.Debug|x64.Build.0 = Debug|Any CPU
		{11E2CE59-58CF-4B67-88E9-CEB9045F614E}.Debug|x86.ActiveCfg = Debug|Any CPU
		{11E2CE59-58CF-4B67-88E9-CEB9045F614E}.Debug|x86.Build.0 = Debug|Any CPU
		{11E2CE59-58CF-4B67-88E9-CEB9045F614E}.Release|Any CPU.ActiveCfg = Release|Any CPU
		{11E2CE59-58CF-4B67-88E9-CEB9045F614E}.Release|Any CPU.Build.0 = Release|Any CPU
		{11E2CE59-58CF-4B67-88E9-CEB9045F614E}.Release|x64.ActiveCfg = Release|Any CPU
		{11E2CE59-58CF-4B67-88E9-CEB9045F614E}.Release|x64.Build.0 = Release|Any CPU
		{11E2CE59-58CF-4B67-88E9-CEB9045F614E}.Release|x86.ActiveCfg = Release|Any CPU
		{11E2CE59-58CF-4B67-88E9-CEB9045F614E}.Release|x86.Build.0 = Release|Any CPU
		{CF1708E6-D7CB-48B0-8D4F-6E43C4FD5B28}.Debug|Any CPU.ActiveCfg = Debug|Any CPU
		{CF1708E6-D7CB-48B0-8D4F-6E43C4FD5B28}.Debug|Any CPU.Build.0 = Debug|Any CPU
		{CF1708E6-D7CB-48B0-8D4F-6E43C4FD5B28}.Debug|x64.ActiveCfg = Debug|Any CPU
		{CF1708E6-D7CB-48B0-8D4F-6E43C4FD5B28}.Debug|x64.Build.0 = Debug|Any CPU
		{CF1708E6-D7CB-48B0-8D4F-6E43C4FD5B28}.Debug|x86.ActiveCfg = Debug|Any CPU
		{CF1708E6-D7CB-48B0-8D4F-6E43C4FD5B28}.Debug|x86.Build.0 = Debug|Any CPU
		{CF1708E6-D7CB-48B0-8D4F-6E43C4FD5B28}.Release|Any CPU.ActiveCfg = Release|Any CPU
		{CF1708E6-D7CB-48B0-8D4F-6E43C4FD5B28}.Release|Any CPU.Build.0 = Release|Any CPU
		{CF1708E6-D7CB-48B0-8D4F-6E43C4FD5B28}.Release|x64.ActiveCfg = Release|Any CPU
		{CF1708E6-D7CB-48B0-8D4F-6E43C4FD5B28}.Release|x64.Build.0 = Release|Any CPU
		{CF1708E6-D7CB-48B0-8D4F-6E43C4FD5B28}.Release|x86.ActiveCfg = Release|Any CPU
		{CF1708E6-D7CB-48B0-8D4F-6E43C4FD5B28}.Release|x86.Build.0 = Release|Any CPU
		{6491DD84-E361-4880-8DE9-5704F210831E}.Debug|Any CPU.ActiveCfg = Debug|Any CPU
		{6491DD84-E361-4880-8DE9-5704F210831E}.Debug|Any CPU.Build.0 = Debug|Any CPU
		{6491DD84-E361-4880-8DE9-5704F210831E}.Debug|x64.ActiveCfg = Debug|Any CPU
		{6491DD84-E361-4880-8DE9-5704F210831E}.Debug|x64.Build.0 = Debug|Any CPU
		{6491DD84-E361-4880-8DE9-5704F210831E}.Debug|x86.ActiveCfg = Debug|Any CPU
		{6491DD84-E361-4880-8DE9-5704F210831E}.Debug|x86.Build.0 = Debug|Any CPU
		{6491DD84-E361-4880-8DE9-5704F210831E}.Release|Any CPU.ActiveCfg = Release|Any CPU
		{6491DD84-E361-4880-8DE9-5704F210831E}.Release|Any CPU.Build.0 = Release|Any CPU
		{6491DD84-E361-4880-8DE9-5704F210831E}.Release|x64.ActiveCfg = Release|Any CPU
		{6491DD84-E361-4880-8DE9-5704F210831E}.Release|x64.Build.0 = Release|Any CPU
		{6491DD84-E361-4880-8DE9-5704F210831E}.Release|x86.ActiveCfg = Release|Any CPU
		{6491DD84-E361-4880-8DE9-5704F210831E}.Release|x86.Build.0 = Release|Any CPU
		{C451964F-07E9-4710-8768-E004FEFA4A21}.Debug|Any CPU.ActiveCfg = Debug|Any CPU
		{C451964F-07E9-4710-8768-E004FEFA4A21}.Debug|Any CPU.Build.0 = Debug|Any CPU
		{C451964F-07E9-4710-8768-E004FEFA4A21}.Debug|x64.ActiveCfg = Debug|Any CPU
		{C451964F-07E9-4710-8768-E004FEFA4A21}.Debug|x64.Build.0 = Debug|Any CPU
		{C451964F-07E9-4710-8768-E004FEFA4A21}.Debug|x86.ActiveCfg = Debug|Any CPU
		{C451964F-07E9-4710-8768-E004FEFA4A21}.Debug|x86.Build.0 = Debug|Any CPU
		{C451964F-07E9-4710-8768-E004FEFA4A21}.Release|Any CPU.ActiveCfg = Release|Any CPU
		{C451964F-07E9-4710-8768-E004FEFA4A21}.Release|Any CPU.Build.0 = Release|Any CPU
		{C451964F-07E9-4710-8768-E004FEFA4A21}.Release|x64.ActiveCfg = Release|Any CPU
		{C451964F-07E9-4710-8768-E004FEFA4A21}.Release|x64.Build.0 = Release|Any CPU
		{C451964F-07E9-4710-8768-E004FEFA4A21}.Release|x86.ActiveCfg = Release|Any CPU
		{C451964F-07E9-4710-8768-E004FEFA4A21}.Release|x86.Build.0 = Release|Any CPU
		{994D908F-F6C7-4B6D-A849-7DE604292840}.Debug|Any CPU.ActiveCfg = Debug|Any CPU
		{994D908F-F6C7-4B6D-A849-7DE604292840}.Debug|Any CPU.Build.0 = Debug|Any CPU
		{994D908F-F6C7-4B6D-A849-7DE604292840}.Debug|x64.ActiveCfg = Debug|Any CPU
		{994D908F-F6C7-4B6D-A849-7DE604292840}.Debug|x64.Build.0 = Debug|Any CPU
		{994D908F-F6C7-4B6D-A849-7DE604292840}.Debug|x86.ActiveCfg = Debug|Any CPU
		{994D908F-F6C7-4B6D-A849-7DE604292840}.Debug|x86.Build.0 = Debug|Any CPU
		{994D908F-F6C7-4B6D-A849-7DE604292840}.Release|Any CPU.ActiveCfg = Release|Any CPU
		{994D908F-F6C7-4B6D-A849-7DE604292840}.Release|Any CPU.Build.0 = Release|Any CPU
		{994D908F-F6C7-4B6D-A849-7DE604292840}.Release|x64.ActiveCfg = Release|Any CPU
		{994D908F-F6C7-4B6D-A849-7DE604292840}.Release|x64.Build.0 = Release|Any CPU
		{994D908F-F6C7-4B6D-A849-7DE604292840}.Release|x86.ActiveCfg = Release|Any CPU
		{994D908F-F6C7-4B6D-A849-7DE604292840}.Release|x86.Build.0 = Release|Any CPU
		{F967A7D6-C195-466B-A223-6EB8723E7E97}.Debug|Any CPU.ActiveCfg = Debug|Any CPU
		{F967A7D6-C195-466B-A223-6EB8723E7E97}.Debug|Any CPU.Build.0 = Debug|Any CPU
		{F967A7D6-C195-466B-A223-6EB8723E7E97}.Debug|x64.ActiveCfg = Debug|Any CPU
		{F967A7D6-C195-466B-A223-6EB8723E7E97}.Debug|x64.Build.0 = Debug|Any CPU
		{F967A7D6-C195-466B-A223-6EB8723E7E97}.Debug|x86.ActiveCfg = Debug|Any CPU
		{F967A7D6-C195-466B-A223-6EB8723E7E97}.Debug|x86.Build.0 = Debug|Any CPU
		{F967A7D6-C195-466B-A223-6EB8723E7E97}.Release|Any CPU.ActiveCfg = Release|Any CPU
		{F967A7D6-C195-466B-A223-6EB8723E7E97}.Release|Any CPU.Build.0 = Release|Any CPU
		{F967A7D6-C195-466B-A223-6EB8723E7E97}.Release|x64.ActiveCfg = Release|Any CPU
		{F967A7D6-C195-466B-A223-6EB8723E7E97}.Release|x64.Build.0 = Release|Any CPU
		{F967A7D6-C195-466B-A223-6EB8723E7E97}.Release|x86.ActiveCfg = Release|Any CPU
		{F967A7D6-C195-466B-A223-6EB8723E7E97}.Release|x86.Build.0 = Release|Any CPU
		{B523AFD7-53CC-43ED-90E6-6CFA4DA2B532}.Debug|Any CPU.ActiveCfg = Debug|Any CPU
		{B523AFD7-53CC-43ED-90E6-6CFA4DA2B532}.Debug|Any CPU.Build.0 = Debug|Any CPU
		{B523AFD7-53CC-43ED-90E6-6CFA4DA2B532}.Debug|x64.ActiveCfg = Debug|Any CPU
		{B523AFD7-53CC-43ED-90E6-6CFA4DA2B532}.Debug|x64.Build.0 = Debug|Any CPU
		{B523AFD7-53CC-43ED-90E6-6CFA4DA2B532}.Debug|x86.ActiveCfg = Debug|Any CPU
		{B523AFD7-53CC-43ED-90E6-6CFA4DA2B532}.Debug|x86.Build.0 = Debug|Any CPU
		{B523AFD7-53CC-43ED-90E6-6CFA4DA2B532}.Release|Any CPU.ActiveCfg = Release|Any CPU
		{B523AFD7-53CC-43ED-90E6-6CFA4DA2B532}.Release|Any CPU.Build.0 = Release|Any CPU
		{B523AFD7-53CC-43ED-90E6-6CFA4DA2B532}.Release|x64.ActiveCfg = Release|Any CPU
		{B523AFD7-53CC-43ED-90E6-6CFA4DA2B532}.Release|x64.Build.0 = Release|Any CPU
		{B523AFD7-53CC-43ED-90E6-6CFA4DA2B532}.Release|x86.ActiveCfg = Release|Any CPU
		{B523AFD7-53CC-43ED-90E6-6CFA4DA2B532}.Release|x86.Build.0 = Release|Any CPU
	EndGlobalSection
	GlobalSection(SolutionProperties) = preSolution
		HideSolutionNode = FALSE
	EndGlobalSection
	GlobalSection(NestedProjects) = preSolution
		{EFECF0C1-5263-432B-8059-4A93C508B089} = {827E0CD3-B72D-47B6-A68D-7590B98EB39B}
		{11E2CE59-58CF-4B67-88E9-CEB9045F614E} = {827E0CD3-B72D-47B6-A68D-7590B98EB39B}
		{CF1708E6-D7CB-48B0-8D4F-6E43C4FD5B28} = {827E0CD3-B72D-47B6-A68D-7590B98EB39B}
		{6491DD84-E361-4880-8DE9-5704F210831E} = {827E0CD3-B72D-47B6-A68D-7590B98EB39B}
		{C451964F-07E9-4710-8768-E004FEFA4A21} = {827E0CD3-B72D-47B6-A68D-7590B98EB39B}
		{994D908F-F6C7-4B6D-A849-7DE604292840} = {827E0CD3-B72D-47B6-A68D-7590B98EB39B}
		{F967A7D6-C195-466B-A223-6EB8723E7E97} = {827E0CD3-B72D-47B6-A68D-7590B98EB39B}
		{B523AFD7-53CC-43ED-90E6-6CFA4DA2B532} = {827E0CD3-B72D-47B6-A68D-7590B98EB39B}
	EndGlobalSection
EndGlobal
